{
  "name": "valatron-snack-bar",
  "version": "0.1.0",
  "lockfileVersion": 1,
  "requires": true,
  "dependencies": {
    "@babel/runtime": {
      "version": "7.15.4",
      "resolved": "https://registry.npmjs.org/@babel/runtime/-/runtime-7.15.4.tgz",
      "integrity": "sha512-99catp6bHCaxr4sJ/DbTGgHS4+Rs2RVd2g7iOap6SLGPDknRK9ztKNsE/Fg6QhSeh1FGE5f6gHGQmvvn3I3xhw==",
      "requires": {
        "regenerator-runtime": "^0.13.4"
      }
    },
    "@duik/alert": {
      "version": "0.6.0",
      "resolved": "https://registry.npmjs.org/@duik/alert/-/alert-0.6.0.tgz",
      "integrity": "sha512-dO+LgBAhfKj8WejNdmiWFql8resIgD5uj4kOhJgrW91YGXkwxoZkeIMgEjPUb7uqjKVerhu55aGQHcrRWkNF/w==",
      "requires": {
        "@duik/core": "^0.6.0"
      }
    },
    "@duik/avatar": {
      "version": "0.6.0",
      "resolved": "https://registry.npmjs.org/@duik/avatar/-/avatar-0.6.0.tgz",
      "integrity": "sha512-pLyFYo+O8QCSWoOeuznW+fw/8fcy25/GmqKw1ZVIuVs23SjMj96gg/llMHr/F4EdQ5QPt/MEpD0UYanI0BbL+Q==",
      "requires": {
        "@duik/core": "^0.6.0",
        "@duik/loader-dots": "^0.6.0"
      }
    },
    "@duik/base-input": {
      "version": "0.6.0",
      "resolved": "https://registry.npmjs.org/@duik/base-input/-/base-input-0.6.0.tgz",
      "integrity": "sha512-3KtWdDqSPAiINmuPhTpjR1fjm/GerAdsf/JSXiNjtD7Icv4mMx4YZ0BqeY58+op5ZRRnYyMTs+0VqLQvlPoVaA==",
      "requires": {
        "@duik/core": "^0.6.0"
      }
    },
    "@duik/button": {
      "version": "0.6.0",
      "resolved": "https://registry.npmjs.org/@duik/button/-/button-0.6.0.tgz",
      "integrity": "sha512-Mgdvsv67AQZPLLpow0N87594GmpLqF3kfAGhqvIW9Jx+4Y7esNv7Uh4/KaRmEnLCVZFX1c+uLfBchojg3pobAQ==",
      "requires": {
        "@duik/core": "^0.6.0",
        "@duik/loader-dots": "^0.6.0"
      }
    },
    "@duik/button-group": {
      "version": "0.6.0",
      "resolved": "https://registry.npmjs.org/@duik/button-group/-/button-group-0.6.0.tgz",
      "integrity": "sha512-WyilwljwbP4kSwSLFZmjRAgrieAuiac9Id5MPzTEYoOgO2hG2hOXxTu+rgZhEAf9bgooNmp41gkMo/N4gcgutQ==",
      "requires": {
        "@duik/core": "^0.6.0"
      }
    },
    "@duik/checkbox": {
      "version": "0.6.0",
      "resolved": "https://registry.npmjs.org/@duik/checkbox/-/checkbox-0.6.0.tgz",
      "integrity": "sha512-lXWLBVQut6s1ykPvNcr78Grxn4yTroexDvYI8asecGdLW3WdMf8+6FgMQI9Opj/bWvn60KmxXKgCg7tKBL4aRA==",
      "requires": {
        "@duik/base-input": "^0.6.0"
      }
    },
    "@duik/container-horizontal": {
      "version": "0.6.0",
      "resolved": "https://registry.npmjs.org/@duik/container-horizontal/-/container-horizontal-0.6.0.tgz",
      "integrity": "sha512-93r2jkfmIIX6D3S4DsKF8W2AQ18jBtQNtoW/Di9g4FSrDQTDPL3cD8Vnl0oR3bgjV1ZyP7CInKvrrtAQ/QJqYQ==",
      "requires": {
        "@duik/core": "^0.6.0",
        "@duik/create-simple-component": "^0.6.0"
      }
    },
    "@duik/container-vertical": {
      "version": "0.6.0",
      "resolved": "https://registry.npmjs.org/@duik/container-vertical/-/container-vertical-0.6.0.tgz",
      "integrity": "sha512-vLHnTBbGAuA5L7bz7tsY0IrYgbQF9ddgamo5elxGrf2bNOefIPzDCF7reWlaQKZeYPitEvOXLk4Kq/1BZpyufw==",
      "requires": {
        "@duik/core": "^0.6.0",
        "@duik/create-simple-component": "^0.6.0"
      }
    },
    "@duik/content-title": {
      "version": "0.6.0",
      "resolved": "https://registry.npmjs.org/@duik/content-title/-/content-title-0.6.0.tgz",
      "integrity": "sha512-jX4tcciYlmwfQfhSLc9Y20CppXMuKNUwq9H7RhZu/17XvatHiWQjBOuCzGzO4ojMR5avnTkXQc4QBkvMkxJtYg==",
      "requires": {
        "@duik/core": "^0.6.0",
        "@duik/create-simple-component": "^0.6.0"
      }
    },
    "@duik/core": {
      "version": "0.6.0",
      "resolved": "https://registry.npmjs.org/@duik/core/-/core-0.6.0.tgz",
      "integrity": "sha512-Ct9tZ9TvbfSNWRo4C3GlZ/kI8FD8d9aMQwHpGGcC6XK2Hp/NcrKdLgcsO0H/UlqywZsX+AkSCNfsb2Ni9OHpiQ==",
      "requires": {
        "@types/react": "^16.8.16",
        "@types/react-dom": "^16.8.4"
      }
    },
    "@duik/create-simple-component": {
      "version": "0.6.0",
      "resolved": "https://registry.npmjs.org/@duik/create-simple-component/-/create-simple-component-0.6.0.tgz",
      "integrity": "sha512-eGr+lAYfM6/Tg/Orob5nT5sk54u9LVg1qt00S8N/aHrU4h9cI4kic/P6foKk7nkebP7Fvhv7fsE9oSRDcdCoDQ==",
      "requires": {
        "@duik/core": "^0.6.0",
        "@types/react": "^16.8.16",
        "@types/react-dom": "^16.8.4"
      }
    },
    "@duik/datepicker": {
      "version": "0.6.0",
      "resolved": "https://registry.npmjs.org/@duik/datepicker/-/datepicker-0.6.0.tgz",
      "integrity": "sha512-kWl/fkNszNwR9/Y0GAmjQiv58z12dIwRGB/CwoV2vNQLhHhne6HyM2mpr0m2MNrels5NRU98Pn2EAiSJNmodFw==",
      "requires": {
        "@duik/core": "^0.6.0",
        "@duik/create-simple-component": "^0.6.0"
      }
    },
    "@duik/divider": {
      "version": "0.6.0",
      "resolved": "https://registry.npmjs.org/@duik/divider/-/divider-0.6.0.tgz",
      "integrity": "sha512-FIRP7CI8BxUxaoLKOZN/JCfMkAA8SivZ6Wp+S6Zk31D9MT26n0He9AzV1aP/GsU1Ix0qeu05MkfxxAUV7NEFeg==",
      "requires": {
        "@duik/core": "^0.6.0"
      }
    },
    "@duik/dropdown": {
      "version": "0.6.0",
      "resolved": "https://registry.npmjs.org/@duik/dropdown/-/dropdown-0.6.0.tgz",
      "integrity": "sha512-GspCBI5m0M54BP6mCwdudHylfyAv9NydEOXM4f2Ap1OoNGo/H9dHTegP0Cs5up2cu9NTWZCXnlR46RSYOjP21Q==",
      "requires": {
        "@duik/button": "^0.6.0",
        "@duik/core": "^0.6.0",
        "@duik/outer-events-handler": "^0.6.0",
        "@duik/use-open-state": "^0.6.0"
      }
    },
    "@duik/form-group": {
      "version": "0.6.0",
      "resolved": "https://registry.npmjs.org/@duik/form-group/-/form-group-0.6.0.tgz",
      "integrity": "sha512-ngixNUr1NDP310kDzQGhCFufeT1stJkStwqzV0KFXamiIzV4anopHZn7qfg9tqmw3Je1/gac6xEUCEhPiThm3g==",
      "requires": {
        "@duik/core": "^0.6.0",
        "@duik/create-simple-component": "^0.6.0"
      }
    },
    "@duik/form-group-container": {
      "version": "0.6.0",
      "resolved": "https://registry.npmjs.org/@duik/form-group-container/-/form-group-container-0.6.0.tgz",
      "integrity": "sha512-IHOit1o5vXiX2bkDwAYNlqfNqWZyQpq4hU+0TES/BKiHuHx76oOTtlHeFUF+1zcMR9UcSj1wP+W3MtcP7TIpPw=="
    },
    "@duik/it": {
      "version": "0.6.0",
      "resolved": "https://registry.npmjs.org/@duik/it/-/it-0.6.0.tgz",
      "integrity": "sha512-xOKkRErznhD3x20uRVBnclgUgCaHoCjyNKZHwlAdrLe9C9/iEXgEbtELjXOP+YwprUBIjclunu48fS/yV1QXIw==",
      "requires": {
        "@duik/alert": "^0.6.0",
        "@duik/avatar": "^0.6.0",
        "@duik/base-input": "^0.6.0",
        "@duik/button": "^0.6.0",
        "@duik/button-group": "^0.6.0",
        "@duik/checkbox": "^0.6.0",
        "@duik/container-horizontal": "^0.6.0",
        "@duik/container-vertical": "^0.6.0",
        "@duik/content-title": "^0.6.0",
        "@duik/core": "^0.6.0",
        "@duik/create-simple-component": "^0.6.0",
        "@duik/datepicker": "^0.6.0",
        "@duik/divider": "^0.6.0",
        "@duik/dropdown": "^0.6.0",
        "@duik/form-group": "^0.6.0",
        "@duik/form-group-container": "^0.6.0",
        "@duik/loader-dots": "^0.6.0",
        "@duik/modal": "^0.6.0",
        "@duik/nav-link": "^0.6.0",
        "@duik/nav-panel": "^0.6.0",
        "@duik/nav-section": "^0.6.0",
        "@duik/nav-section-title": "^0.6.0",
        "@duik/nav-title": "^0.6.0",
        "@duik/outer-events-handler": "^0.6.0",
        "@duik/progress": "^0.6.0",
        "@duik/radio": "^0.6.0",
        "@duik/scroll-area": "^0.6.0",
        "@duik/select": "^0.6.0",
        "@duik/select-date": "^0.6.0",
        "@duik/tabs": "^0.6.0",
        "@duik/text-area": "^0.6.0",
        "@duik/text-field": "^0.6.0",
        "@duik/toggle": "^0.6.0",
        "@duik/top-bar": "^0.6.0",
        "@duik/top-bar-link": "^0.6.0",
        "@duik/top-bar-link-container": "^0.6.0",
        "@duik/top-bar-menu-divider": "^0.6.0",
        "@duik/top-bar-section": "^0.6.0",
        "@duik/top-bar-title": "^0.6.0",
        "@duik/use-open-state": "^0.6.0",
        "@duik/widget": "^0.6.0"
      }
    },
    "@duik/loader-dots": {
      "version": "0.6.0",
      "resolved": "https://registry.npmjs.org/@duik/loader-dots/-/loader-dots-0.6.0.tgz",
      "integrity": "sha512-UhxkKcJzXz0qRiZ15JCFgZX6QZW6n2QsvGl6tdYtYquBRDpHHiiq7VEV+iMFsLx0n8Y4YXW5fyPoB5sNZvhjNg==",
      "requires": {
        "@types/react": "^16.8.16"
      }
    },
    "@duik/modal": {
      "version": "0.6.0",
      "resolved": "https://registry.npmjs.org/@duik/modal/-/modal-0.6.0.tgz",
      "integrity": "sha512-kapgVqKkpQlEqnGaUimvzxjWbk1OmPqy7BpNVhPiE5FuxqL1q+HZIGLO/eWdivjDXU+GoZuJxW5jUFsI//2Jiw==",
      "requires": {
        "@duik/button": "^0.6.0",
        "@duik/core": "^0.6.0",
        "@duik/create-simple-component": "^0.6.0",
        "@duik/outer-events-handler": "^0.6.0"
      }
    },
    "@duik/nav-link": {
      "version": "0.6.0",
      "resolved": "https://registry.npmjs.org/@duik/nav-link/-/nav-link-0.6.0.tgz",
      "integrity": "sha512-+rqUfsXwHdIkX0LoOvhcuSHUhxDNLUxiZkxBvYTKkfcRnEm3FmpSMi7vR/NSXTHIDHaqdWkRkrBTZeiciFuVGw==",
      "requires": {
        "@duik/core": "^0.6.0"
      }
    },
    "@duik/nav-panel": {
      "version": "0.6.0",
      "resolved": "https://registry.npmjs.org/@duik/nav-panel/-/nav-panel-0.6.0.tgz",
      "integrity": "sha512-oPFVybXbpGy9cm/eS9LkGvnxFSjcE+d6E3M4SQgPK/TW8oVy3VrXOX6/BZ3LIvbD7LdHxM/h+HvtFZa90Qkxew==",
      "requires": {
        "@duik/core": "^0.6.0"
      }
    },
    "@duik/nav-section": {
      "version": "0.6.0",
      "resolved": "https://registry.npmjs.org/@duik/nav-section/-/nav-section-0.6.0.tgz",
      "integrity": "sha512-/w1B7XsgfFHTgTGReEjMXToiveGt7D0LfFX5vHTo/95B8rRjxGTumrxLPnT87ICOVn+mfsIIuddgaJynB7oPHg==",
      "requires": {
        "@duik/create-simple-component": "^0.6.0"
      }
    },
    "@duik/nav-section-title": {
      "version": "0.6.0",
      "resolved": "https://registry.npmjs.org/@duik/nav-section-title/-/nav-section-title-0.6.0.tgz",
      "integrity": "sha512-5LkPSb2jYDlcPT8BVqYPhPbufn+5K31gsGD7VMaVbLNoRkJrcXdhQfmuKZhK4pLHpLM8uws+WnCTpiJlaIxdPw==",
      "requires": {
        "@duik/core": "^0.6.0",
        "@duik/create-simple-component": "^0.6.0"
      }
    },
    "@duik/nav-title": {
      "version": "0.6.0",
      "resolved": "https://registry.npmjs.org/@duik/nav-title/-/nav-title-0.6.0.tgz",
      "integrity": "sha512-i3cBfryNpljODlEEyu2d4pMa4nwXtFMbhRzyGVuj9BYPw2ob9Lw0wf/q6ZGK/pg797nZU11LVTeXrYvnVcy6UA==",
      "requires": {
        "@duik/core": "^0.6.0",
        "@duik/create-simple-component": "^0.6.0"
      }
    },
    "@duik/outer-events-handler": {
      "version": "0.6.0",
      "resolved": "https://registry.npmjs.org/@duik/outer-events-handler/-/outer-events-handler-0.6.0.tgz",
      "integrity": "sha512-cw/H29S9yoxuzQ+82d0Bd25AvLuVjsgOByO5BzXmkU+tDFc3/YZcTsbnNb6vGnomoYvNimYt2Rv8h/AOXLPBwA==",
      "requires": {
        "@duik/core": "^0.6.0"
      }
    },
    "@duik/progress": {
      "version": "0.6.0",
      "resolved": "https://registry.npmjs.org/@duik/progress/-/progress-0.6.0.tgz",
      "integrity": "sha512-AGDKNKJKJEf5zav5qZmTjNPsdzsMY+SfQmveCP5UqwaLFzICA6AOhyFKhbgcQ6nqImE9DrTvzgkQpPvGJya79g==",
      "requires": {
        "@duik/core": "^0.6.0"
      }
    },
    "@duik/radio": {
      "version": "0.6.0",
      "resolved": "https://registry.npmjs.org/@duik/radio/-/radio-0.6.0.tgz",
      "integrity": "sha512-tJmCOy1alxAJSwSIIVtcaPT+zGy+U3SCv0vxEq9Mo6LXO6UBgjm/e5HP9T0Hkypuiq9uVQpnuEbU7czwb76GDw==",
      "requires": {
        "@duik/base-input": "^0.6.0"
      }
    },
    "@duik/scroll-area": {
      "version": "0.6.0",
      "resolved": "https://registry.npmjs.org/@duik/scroll-area/-/scroll-area-0.6.0.tgz",
      "integrity": "sha512-jYmfdLeE6ghnP+TseOewiKWhyWxEWt/pRhDd5sTQluu1fDjOne/ahvyscNTzxGsLsR6Ef7maOTbjQuOTyza26g==",
      "requires": {
        "@duik/core": "^0.6.0",
        "@duik/create-simple-component": "^0.6.0"
      }
    },
    "@duik/select": {
      "version": "0.6.0",
      "resolved": "https://registry.npmjs.org/@duik/select/-/select-0.6.0.tgz",
      "integrity": "sha512-6dW3RDXLmtUmoONUuYF+1zURC0VTFQtiUZu3YzUdo3rCqaEZai2/LeIqIx4Tcp+5zQ5/tRL6Q1BRjaVf+J8FzA==",
      "requires": {
        "@duik/content-title": "^0.6.0",
        "@duik/core": "^0.6.0",
        "@duik/dropdown": "^0.6.0",
        "@duik/form-group": "^0.6.0",
        "@duik/text-field": "^0.6.0"
      }
    },
    "@duik/select-date": {
      "version": "0.6.0",
      "resolved": "https://registry.npmjs.org/@duik/select-date/-/select-date-0.6.0.tgz",
      "integrity": "sha512-vjcoLtalbqyxaOLMKXc/HEIrVPtG1TTbobDCcqz7Xhy1Lfaho4X88Zq7/b/seRfzlAbCz/vDJc5uMiPUYsygTg==",
      "requires": {
        "@duik/content-title": "^0.6.0",
        "@duik/core": "^0.6.0",
        "@duik/datepicker": "^0.6.0",
        "@duik/dropdown": "^0.6.0",
        "@duik/form-group": "^0.6.0",
        "@duik/text-field": "^0.6.0",
        "@duik/use-open-state": "^0.6.0"
      }
    },
    "@duik/tabs": {
      "version": "0.6.0",
      "resolved": "https://registry.npmjs.org/@duik/tabs/-/tabs-0.6.0.tgz",
      "integrity": "sha512-2mpSzQ8gaLUJtOZYrukCT+7R+kIoW5fd+XWicGsmZZGVOOzCjJW9snC8qcurFSGW2p00uuRckCuG0oHelTIRAg==",
      "requires": {
        "@duik/core": "^0.6.0"
      }
    },
    "@duik/text-area": {
      "version": "0.6.0",
      "resolved": "https://registry.npmjs.org/@duik/text-area/-/text-area-0.6.0.tgz",
      "integrity": "sha512-CsA5ckFTlXcwiE5faVLZ7l0SmW/j+Mf8SlfVV5kRuWRhjx4Zm4FeVNO5KbeKk/UVMry4ODwr/YpVPFlujmmxFg==",
      "requires": {
        "@duik/core": "^0.6.0",
        "@duik/form-group": "^0.6.0"
      }
    },
    "@duik/text-field": {
      "version": "0.6.0",
      "resolved": "https://registry.npmjs.org/@duik/text-field/-/text-field-0.6.0.tgz",
      "integrity": "sha512-20Jv4PCi5nu7XiwMazuk6PAG7wZUagbY4rwvdxN9I4qc9zvoBgtO9jHW4cCFjkQgI7t2VRfOTziiV4WyKXJBiQ==",
      "requires": {
        "@duik/core": "^0.6.0",
        "@duik/form-group": "^0.6.0"
      }
    },
    "@duik/toggle": {
      "version": "0.6.0",
      "resolved": "https://registry.npmjs.org/@duik/toggle/-/toggle-0.6.0.tgz",
      "integrity": "sha512-HR7u7JFy+v5U83I4xqygZKfs1JjAkrM+16jJz11MCoYKmvuaYEJxHjHWKVrSvDw+wumZo/Osl37PMK+Su/6KDg==",
      "requires": {
        "@duik/base-input": "^0.6.0"
      }
    },
    "@duik/top-bar": {
      "version": "0.6.0",
      "resolved": "https://registry.npmjs.org/@duik/top-bar/-/top-bar-0.6.0.tgz",
      "integrity": "sha512-wcFGFeawm0THtJHGxZsgoOs3Goqg8+LrArp53jhhNvame6aM8N3D5tK/RN/LhVhhTScm/M+b8cZFMMDOcVp5oQ==",
      "requires": {
        "@duik/core": "^0.6.0",
        "@duik/create-simple-component": "^0.6.0"
      }
    },
    "@duik/top-bar-link": {
      "version": "0.6.0",
      "resolved": "https://registry.npmjs.org/@duik/top-bar-link/-/top-bar-link-0.6.0.tgz",
      "integrity": "sha512-/M7+XPLP8uSPoSAMx1TSNhhk+ojgrTDHIGJ1CIt/z56vqwUSg+byXp7cSPhjhTtOs2ZfWF5Q6Zo4vzyjUFwkPQ==",
      "requires": {
        "@duik/core": "^0.6.0",
        "@duik/create-simple-component": "^0.6.0"
      }
    },
    "@duik/top-bar-link-container": {
      "version": "0.6.0",
      "resolved": "https://registry.npmjs.org/@duik/top-bar-link-container/-/top-bar-link-container-0.6.0.tgz",
      "integrity": "sha512-pLFsAgzMkGrjhEm0vaBRtNJ9BHZZjFCGQzw093Bb8zUXkngU5hbNnG1BOC//a4a3Jiwp66mhT4xcHx8tN+jDEw==",
      "requires": {
        "@duik/core": "^0.6.0",
        "@duik/create-simple-component": "^0.6.0"
      }
    },
    "@duik/top-bar-menu-divider": {
      "version": "0.6.0",
      "resolved": "https://registry.npmjs.org/@duik/top-bar-menu-divider/-/top-bar-menu-divider-0.6.0.tgz",
      "integrity": "sha512-G6lcji5jrcqOhT2hRCSy/R5M1d68erNN7hUIlEjBPhWmpqiljpxB8dYOVznYCk3PUdmyHx5QLzkNeS0kmFxv8A==",
      "requires": {
        "@duik/core": "^0.6.0",
        "@duik/create-simple-component": "^0.6.0"
      }
    },
    "@duik/top-bar-section": {
      "version": "0.6.0",
      "resolved": "https://registry.npmjs.org/@duik/top-bar-section/-/top-bar-section-0.6.0.tgz",
      "integrity": "sha512-uqdvWlJmF9HTzRQwRaP9SE9oIRWnJm8VVYksMYEUBUtL3WyxrSlpALpb131zizgd30EwXFMbgKv4wimD16VOGg==",
      "requires": {
        "@duik/core": "^0.6.0",
        "@duik/create-simple-component": "^0.6.0"
      }
    },
    "@duik/top-bar-title": {
      "version": "0.6.0",
      "resolved": "https://registry.npmjs.org/@duik/top-bar-title/-/top-bar-title-0.6.0.tgz",
      "integrity": "sha512-5gy6JEFR9W5Y1OrMRArDiXSE2aTdb19ltxOgpUGbUI9EJuA6G+BiFcaTNhmLuRWnMsVt64Iv2UMikosmway5jw==",
      "requires": {
        "@duik/core": "^0.6.0",
        "@duik/create-simple-component": "^0.6.0"
      }
    },
    "@duik/use-open-state": {
      "version": "0.6.0",
      "resolved": "https://registry.npmjs.org/@duik/use-open-state/-/use-open-state-0.6.0.tgz",
      "integrity": "sha512-mbCZYYTNnwTLTYcjQ1rC+66JUNQ8MPTAI80zXXHcZ6i67RhZVKPqMRAkD37V8Fw0f+efyfWJ/h+jzHLnPDokCg=="
    },
    "@duik/widget": {
      "version": "0.6.0",
      "resolved": "https://registry.npmjs.org/@duik/widget/-/widget-0.6.0.tgz",
      "integrity": "sha512-G3Q5CxsXzrDQmlrjr2TKfpRrFwl+r96gK9CAspLzdp/HqPfsro7h8DqoXN9tQ6YKy6iKwGf712pv1cDu1bMVtg==",
      "requires": {
        "@duik/core": "^0.6.0",
        "@duik/create-simple-component": "^0.6.0"
      }
    },
    "@types/prop-types": {
      "version": "15.7.4",
      "resolved": "https://registry.npmjs.org/@types/prop-types/-/prop-types-15.7.4.tgz",
      "integrity": "sha512-rZ5drC/jWjrArrS8BR6SIr4cWpW09RNTYt9AMZo3Jwwif+iacXAqgVjm0B0Bv/S1jhDXKHqRVNCbACkJ89RAnQ=="
    },
    "@types/react": {
      "version": "16.14.20",
      "resolved": "https://registry.npmjs.org/@types/react/-/react-16.14.20.tgz",
      "integrity": "sha512-SV7TaVc8e9E/5Xuv6TIyJ5VhQpZoVFJqX6IZgj5HZoFCtIDCArE3qXkcHlc6O/Ud4UwcMoX+tlvDA95YrKdLgA==",
      "requires": {
        "@types/prop-types": "*",
        "@types/scheduler": "*",
        "csstype": "^3.0.2"
      }
    },
    "@types/react-dom": {
      "version": "16.9.14",
      "resolved": "https://registry.npmjs.org/@types/react-dom/-/react-dom-16.9.14.tgz",
      "integrity": "sha512-FIX2AVmPTGP30OUJ+0vadeIFJJ07Mh1m+U0rxfgyW34p3rTlXI+nlenvAxNn4BP36YyI9IJ/+UJ7Wu22N1pI7A==",
      "requires": {
        "@types/react": "^16"
      }
    },
    "@types/scheduler": {
      "version": "0.16.2",
      "resolved": "https://registry.npmjs.org/@types/scheduler/-/scheduler-0.16.2.tgz",
      "integrity": "sha512-hppQEBDmlwhFAXKJX2KnWLYu5yMfi91yazPb2l+lbJiwW+wdo1gNeRA+3RgNSO39WYX2euey41KEwnqesU2Jew=="
    },
    "css-mediaquery": {
      "version": "0.1.2",
      "resolved": "https://registry.npmjs.org/css-mediaquery/-/css-mediaquery-0.1.2.tgz",
      "integrity": "sha1-aiw3NEkoYYYxxUvTPO3TAdoYvqA="
    },
    "csstype": {
      "version": "3.0.9",
      "resolved": "https://registry.npmjs.org/csstype/-/csstype-3.0.9.tgz",
      "integrity": "sha512-rpw6JPxK6Rfg1zLOYCSwle2GFOOsnjmDYDaBwEcwoOg4qlsIVCN789VkBZDJAGi4T07gI4YSutR43t9Zz4Lzuw=="
    },
    "dom-helpers": {
      "version": "5.2.1",
      "resolved": "https://registry.npmjs.org/dom-helpers/-/dom-helpers-5.2.1.tgz",
      "integrity": "sha512-nRCa7CK3VTrM2NmGkIy4cbK7IZlgBE/PYMn55rrXefr5xXDP0LdtfPnblFDoVdcAfslJ7or6iqAUnx0CCGIWQA==",
      "requires": {
        "@babel/runtime": "^7.8.7",
        "csstype": "^3.0.2"
      }
    },
    "exenv": {
      "version": "1.2.2",
      "resolved": "https://registry.npmjs.org/exenv/-/exenv-1.2.2.tgz",
      "integrity": "sha1-KueOhdmJQVhnCwPUe+wfA72Ru50="
    },
    "hyphenate-style-name": {
      "version": "1.0.4",
      "resolved": "https://registry.npmjs.org/hyphenate-style-name/-/hyphenate-style-name-1.0.4.tgz",
      "integrity": "sha512-ygGZLjmXfPHj+ZWh6LwbC37l43MhfztxetbFCoYTM2VjkIUpeHgSNn7QIyVFj7YQ1Wl9Cbw5sholVJPzWvC2MQ=="
    },
    "iban": {
      "version": "0.0.14",
      "resolved": "https://registry.npmjs.org/iban/-/iban-0.0.14.tgz",
      "integrity": "sha512-+rocNKk+Ga9m8Lr9fTMWd+87JnsBrucm0ZsIx5ROOarZlaDLmd+FKdbtvb0XyoBw9GAFOYG2GuLqoNB16d+p3w=="
    },
    "js-tokens": {
      "version": "4.0.0",
      "resolved": "https://registry.npmjs.org/js-tokens/-/js-tokens-4.0.0.tgz",
      "integrity": "sha512-RdJUflcE3cUzKiMqQgsCu06FPu9UdIJO0beYbPhHN4k6apgJtifcoCtT9bcxOpYBtpD2kCM6Sbzg4CausW/PKQ=="
    },
    "loose-envify": {
      "version": "1.4.0",
      "resolved": "https://registry.npmjs.org/loose-envify/-/loose-envify-1.4.0.tgz",
      "integrity": "sha512-lyuxPGr/Wfhrlem2CL/UcnUc1zcqKAImBDzukY7Y5F/yQiNdko6+fRLevlw1HgMySw7f611UIY408EtxRSoK3Q==",
      "requires": {
        "js-tokens": "^3.0.0 || ^4.0.0"
      }
    },
    "matchmediaquery": {
      "version": "0.3.1",
      "resolved": "https://registry.npmjs.org/matchmediaquery/-/matchmediaquery-0.3.1.tgz",
      "integrity": "sha512-Hlk20WQHRIm9EE9luN1kjRjYXAQToHOIAHPJn9buxBwuhfTHoKUcX+lXBbxc85DVQfXYbEQ4HcwQdd128E3qHQ==",
      "requires": {
        "css-mediaquery": "^0.1.2"
      }
    },
    "object-assign": {
      "version": "4.1.1",
      "resolved": "https://registry.npmjs.org/object-assign/-/object-assign-4.1.1.tgz",
      "integrity": "sha1-IQmtx5ZYh8/AXLvUQsrIv7s2CGM="
    },
    "prop-types": {
      "version": "15.7.2",
      "resolved": "https://registry.npmjs.org/prop-types/-/prop-types-15.7.2.tgz",
      "integrity": "sha512-8QQikdH7//R2vurIJSutZ1smHYTcLpRWEOlHnzcWHmBYrOGUysKwSsrC89BCiFj3CbrfJ/nXFdJepOVrY1GCHQ==",
      "requires": {
        "loose-envify": "^1.4.0",
        "object-assign": "^4.1.1",
        "react-is": "^16.8.1"
      },
      "dependencies": {
        "react-is": {
          "version": "16.13.1",
          "resolved": "https://registry.npmjs.org/react-is/-/react-is-16.13.1.tgz",
          "integrity": "sha512-24e6ynE2H+OKt4kqsOvNd8kBpV65zoxbA4BVsEOB3ARVWQki/DHzaUoC5KuON/BiccDaCCTZBuOcfZs70kR8bQ=="
        }
      }
    },
    "qr.js": {
      "version": "0.0.0",
      "resolved": "https://registry.npmjs.org/qr.js/-/qr.js-0.0.0.tgz",
      "integrity": "sha1-ys6GOG9ZoNuAUPqQ2baw6IoeNk8="
    },
    "qrcode.react": {
      "version": "1.0.1",
      "resolved": "https://registry.npmjs.org/qrcode.react/-/qrcode.react-1.0.1.tgz",
      "integrity": "sha512-8d3Tackk8IRLXTo67Y+c1rpaiXjoz/Dd2HpcMdW//62/x8J1Nbho14Kh8x974t9prsLHN6XqVgcnRiBGFptQmg==",
      "requires": {
        "loose-envify": "^1.4.0",
        "prop-types": "^15.6.0",
        "qr.js": "0.0.0"
      }
    },
    "react": {
      "version": "17.0.2",
      "resolved": "https://registry.npmjs.org/react/-/react-17.0.2.tgz",
      "integrity": "sha512-gnhPt75i/dq/z3/6q/0asP78D0u592D5L1pd7M8P+dck6Fu/jJeL6iVVK23fptSUZj8Vjf++7wXA8UNclGQcbA==",
      "requires": {
        "loose-envify": "^1.1.0",
        "object-assign": "^4.1.1"
      }
    },
    "react-dom": {
      "version": "17.0.2",
      "resolved": "https://registry.npmjs.org/react-dom/-/react-dom-17.0.2.tgz",
      "integrity": "sha512-s4h96KtLDUQlsENhMn1ar8t2bEa+q/YAtj8pPPdIjPDGBDIVNsrD9aXNWqspUe6AzKCIG0C1HZZLqLV7qpOBGA==",
      "requires": {
        "loose-envify": "^1.1.0",
        "object-assign": "^4.1.1",
        "scheduler": "^0.20.2"
      }
    },
    "react-hide-on-scroll": {
      "version": "1.1.4",
      "resolved": "https://registry.npmjs.org/react-hide-on-scroll/-/react-hide-on-scroll-1.1.4.tgz",
      "integrity": "sha512-wN2Ubobr9s3DNp8ChWRZYlFhdb+vI1XmU01ssoe9lNV2F7rB8bjB10vfgjfOU2RTI+h74ncPZXcXFJivgA/UXA=="
    },
    "react-lifecycles-compat": {
      "version": "3.0.4",
      "resolved": "https://registry.npmjs.org/react-lifecycles-compat/-/react-lifecycles-compat-3.0.4.tgz",
      "integrity": "sha512-fBASbA6LnOU9dOU2eW7aQ8xmYBSXUIWr+UmF9b1efZBazGNO+rcXT/icdKnYm2pTwcRylVUYwW7H1PHfLekVzA=="
    },
    "react-modal": {
      "version": "3.14.3",
      "resolved": "https://registry.npmjs.org/react-modal/-/react-modal-3.14.3.tgz",
      "integrity": "sha512-+C2KODVKyu20zHXPJxfOOcf571L1u/EpFlH+oS/3YDn8rgVE51QZuxuuIwabJ8ZFnOEHaD+r6XNjqwtxZnXO0g==",
      "requires": {
        "exenv": "^1.2.0",
        "prop-types": "^15.7.2",
        "react-lifecycles-compat": "^3.0.0",
        "warning": "^4.0.3"
      }
    },
    "react-responsive": {
      "version": "9.0.0-beta.4",
      "resolved": "https://registry.npmjs.org/react-responsive/-/react-responsive-9.0.0-beta.4.tgz",
      "integrity": "sha512-jQSs5kIi38T39Ku98r8s75jM6JAaNEeVrHPHTrL2EYWuv8nusV3KRQcZZ4VlfwndIRedxmpb4T8FXA9ltlCFiw==",
      "requires": {
        "hyphenate-style-name": "^1.0.0",
        "matchmediaquery": "^0.3.0",
        "prop-types": "^15.6.1",
        "shallow-equal": "^1.2.1"
      }
    },
    "react-transition-group": {
      "version": "4.4.2",
      "resolved": "https://registry.npmjs.org/react-transition-group/-/react-transition-group-4.4.2.tgz",
      "integrity": "sha512-/RNYfRAMlZwDSr6z4zNKV6xu53/e2BuaBbGhbyYIXTrmgu/bGHzmqOs7mJSJBHy9Ud+ApHx3QjrkKSp1pxvlFg==",
      "requires": {
        "@babel/runtime": "^7.5.5",
        "dom-helpers": "^5.0.1",
        "loose-envify": "^1.4.0",
        "prop-types": "^15.6.2"
      }
    },
    "regenerator-runtime": {
      "version": "0.13.4",
      "resolved": "https://registry.npmjs.org/regenerator-runtime/-/regenerator-runtime-0.13.4.tgz",
      "integrity": "sha512-plpwicqEzfEyTQohIKktWigcLzmNStMGwbOUbykx51/29Z3JOGYldaaNGK7ngNXV+UcoqvIMmloZ48Sr74sd+g=="
    },
    "scheduler": {
      "version": "0.20.2",
      "resolved": "https://registry.npmjs.org/scheduler/-/scheduler-0.20.2.tgz",
      "integrity": "sha512-2eWfGgAqqWFGqtdMmcL5zCMK1U8KlXv8SQFGglL3CEtd0aDVDWgeF/YoCmvln55m5zSk3J/20hTaSBeSObsQDQ==",
      "requires": {
        "loose-envify": "^1.1.0",
        "object-assign": "^4.1.1"
      }
    },
    "shallow-equal": {
      "version": "1.2.1",
      "resolved": "https://registry.npmjs.org/shallow-equal/-/shallow-equal-1.2.1.tgz",
      "integrity": "sha512-S4vJDjHHMBaiZuT9NPb616CSmLf618jawtv3sufLl6ivK8WocjAo58cXwbRV1cgqxH0Qbv+iUt6m05eqEa2IRA=="
    },
    "warning": {
      "version": "4.0.3",
      "resolved": "https://registry.npmjs.org/warning/-/warning-4.0.3.tgz",
      "integrity": "sha512-rpJyN222KWIvHJ/F53XSZv0Zl/accqHR8et1kpaMTD/fLCRxtV8iX8czMzY7sVZupTI3zcUTg8eycS2kNF9l6w==",
      "requires": {
        "loose-envify": "^1.0.0"
      }
    }
  }
}
